
Microsoft Visual Studio Solution File, Format Version 12.00
# Visual Studio Version 17
VisualStudioVersion = 17.14.37614.0 d17.14
MinimumVisualStudioVersion = 10.0.40219.1
Project("{FAE04EC0-301F-11D3-BF4B-00C04F79EFBC}") = "Final_Project", "Final_Project.csproj", "{476FC3AE-2DAC-43D3-B630-5549EEB1B8AD}"
EndProject
Global
	GlobalSection(SolutionConfigurationPlatforms) = preSolution
		Debug|Any CPU = Debug|Any CPU
		Release|Any CPU = Release|Any CPU
	EndGlobalSection
	GlobalSection(ProjectConfigurationPlatforms) = postSolution
		{476FC3AE-2DAC-43D3-B630-5549EEB1B8AD}.Debug|Any CPU.ActiveCfg = Debug|Any CPU
		{476FC3AE-2DAC-43D3-B630-5549EEB1B8AD}.Debug|Any CPU.Build.0 = Debug|Any CPU
		{476FC3AE-2DAC-43D3-B630-5549EEB1B8AD}.Release|Any CPU.ActiveCfg = Release|Any CPU
		{476FC3AE-2DAC-43D3-B630-5549EEB1B8AD}.Release|Any CPU.Build.0 = Release|Any CPU
	EndGlobalSection
	GlobalSection(SolutionProperties) = preSolution
		HideSolutionNode = FALSE
	EndGlobalSection
	GlobalSection(ExtensibilityGlobals) = postSolution
		SolutionGuid = {13F02261-44F0-434A-9958-5FDE86C8CF53}
	EndGlobalSection
EndGlobal
